// !$*UTF8*$!
{
	archiveVersion = 1;
	classes = {
	};
	objectVersion = 56;
	objects = {

/* Begin PBXBuildFile section */
		0B02ABF52C2F3AB30047305D /* FirebaseAuthManager.swift in Sources */ = {isa = PBXBuildFile; fileRef = 0B02ABF32C2F3AB30047305D /* FirebaseAuthManager.swift */; };
		0B02ABF62C2F3AB30047305D /* FirebaseMainManager.swift in Sources */ = {isa = PBXBuildFile; fileRef = 0B02ABF42C2F3AB30047305D /* FirebaseMainManager.swift */; };
		0B02ABFC2C2F3B110047305D /* SuccessView.swift in Sources */ = {isa = PBXBuildFile; fileRef = 0B02ABF82C2F3B100047305D /* SuccessView.swift */; };
		0B02ABFD2C2F3B110047305D /* AnimationHelper.swift in Sources */ = {isa = PBXBuildFile; fileRef = 0B02ABF92C2F3B110047305D /* AnimationHelper.swift */; };
		0B02ABFE2C2F3B110047305D /* MarimoView.swift in Sources */ = {isa = PBXBuildFile; fileRef = 0B02ABFA2C2F3B110047305D /* MarimoView.swift */; };
		0B02ABFF2C2F3B110047305D /* StopwatchView.swift in Sources */ = {isa = PBXBuildFile; fileRef = 0B02ABFB2C2F3B110047305D /* StopwatchView.swift */; };
		0B02AC032C2F441A0047305D /* ActivityIndicatorHelper.swift in Sources */ = {isa = PBXBuildFile; fileRef = 0B02AC022C2F441A0047305D /* ActivityIndicatorHelper.swift */; };
		0B02AC072C2F4B9B0047305D /* GoogleService-Info.plist in Resources */ = {isa = PBXBuildFile; fileRef = 0B02AC062C2F4B9B0047305D /* GoogleService-Info.plist */; };
		0B1808232C19936B00081B2A /* AppDelegate.swift in Sources */ = {isa = PBXBuildFile; fileRef = 0B1808222C19936B00081B2A /* AppDelegate.swift */; };
		0B1808252C19936B00081B2A /* SceneDelegate.swift in Sources */ = {isa = PBXBuildFile; fileRef = 0B1808242C19936B00081B2A /* SceneDelegate.swift */; };
		0B1808272C19936B00081B2A /* ViewController.swift in Sources */ = {isa = PBXBuildFile; fileRef = 0B1808262C19936B00081B2A /* ViewController.swift */; };
		0B18082C2C19936D00081B2A /* Assets.xcassets in Resources */ = {isa = PBXBuildFile; fileRef = 0B18082B2C19936D00081B2A /* Assets.xcassets */; };
		0B18082F2C19936D00081B2A /* LaunchScreen.storyboard in Resources */ = {isa = PBXBuildFile; fileRef = 0B18082D2C19936D00081B2A /* LaunchScreen.storyboard */; };
		0B1808382C19951A00081B2A /* SnapKit in Frameworks */ = {isa = PBXBuildFile; productRef = 0B1808372C19951A00081B2A /* SnapKit */; };
		0B18083D2C19952100081B2A /* FSCalendar in Frameworks */ = {isa = PBXBuildFile; productRef = 0B18083C2C19952100081B2A /* FSCalendar */; };
		0B1808402C19954C00081B2A /* FirebaseAnalytics in Frameworks */ = {isa = PBXBuildFile; productRef = 0B18083F2C19954C00081B2A /* FirebaseAnalytics */; };
		0B18084B2C19956B00081B2A /* FirebaseAuth in Frameworks */ = {isa = PBXBuildFile; productRef = 0B18084A2C19956B00081B2A /* FirebaseAuth */; };
		0B18084D2C19956B00081B2A /* FirebaseDatabase in Frameworks */ = {isa = PBXBuildFile; productRef = 0B18084C2C19956B00081B2A /* FirebaseDatabase */; };
		0B18084F2C19956B00081B2A /* FirebaseFirestore in Frameworks */ = {isa = PBXBuildFile; productRef = 0B18084E2C19956B00081B2A /* FirebaseFirestore */; };
		0B1808512C19956B00081B2A /* FirebaseStorage in Frameworks */ = {isa = PBXBuildFile; productRef = 0B1808502C19956B00081B2A /* FirebaseStorage */; };
		0B1808692C19965700081B2A /* Pretendard-Medium.ttf in Resources */ = {isa = PBXBuildFile; fileRef = 0B18085D2C19965700081B2A /* Pretendard-Medium.ttf */; };
		0B18086A2C19965700081B2A /* Pretendard-Black.ttf in Resources */ = {isa = PBXBuildFile; fileRef = 0B18085E2C19965700081B2A /* Pretendard-Black.ttf */; };
		0B18086B2C19965700081B2A /* Pretendard-Regular.ttf in Resources */ = {isa = PBXBuildFile; fileRef = 0B18085F2C19965700081B2A /* Pretendard-Regular.ttf */; };
		0B18086C2C19965700081B2A /* Pretendard-Thin.ttf in Resources */ = {isa = PBXBuildFile; fileRef = 0B1808602C19965700081B2A /* Pretendard-Thin.ttf */; };
		0B18086D2C19965700081B2A /* Pretendard-ExtraLight.ttf in Resources */ = {isa = PBXBuildFile; fileRef = 0B1808612C19965700081B2A /* Pretendard-ExtraLight.ttf */; };
		0B18086E2C19965700081B2A /* Pretendard-SemiBold.ttf in Resources */ = {isa = PBXBuildFile; fileRef = 0B1808622C19965700081B2A /* Pretendard-SemiBold.ttf */; };
		0B18086F2C19965700081B2A /* Pretendard-ExtraBold.ttf in Resources */ = {isa = PBXBuildFile; fileRef = 0B1808632C19965700081B2A /* Pretendard-ExtraBold.ttf */; };
		0B1808702C19965700081B2A /* Pretendard-Bold.ttf in Resources */ = {isa = PBXBuildFile; fileRef = 0B1808642C19965700081B2A /* Pretendard-Bold.ttf */; };
		0B1808712C19965700081B2A /* UIFont.swift in Sources */ = {isa = PBXBuildFile; fileRef = 0B1808652C19965700081B2A /* UIFont.swift */; };
		0B1808722C19965700081B2A /* Pretendard-Light.ttf in Resources */ = {isa = PBXBuildFile; fileRef = 0B1808662C19965700081B2A /* Pretendard-Light.ttf */; };
		0B1808732C19965700081B2A /* UIColor.swift in Sources */ = {isa = PBXBuildFile; fileRef = 0B1808682C19965700081B2A /* UIColor.swift */; };
		0B1808872C19966D00081B2A /* DatePickerModalViewController.swift in Sources */ = {isa = PBXBuildFile; fileRef = 0B1808762C19966D00081B2A /* DatePickerModalViewController.swift */; };
		0B1808892C19966D00081B2A /* CalenderDeatailViewController.swift in Sources */ = {isa = PBXBuildFile; fileRef = 0B1808782C19966D00081B2A /* CalenderDeatailViewController.swift */; };
		0B18088A2C19966D00081B2A /* CalenderViewController.swift in Sources */ = {isa = PBXBuildFile; fileRef = 0B1808792C19966D00081B2A /* CalenderViewController.swift */; };
		0B18088B2C19966D00081B2A /* ToDoDetailViewController.swift in Sources */ = {isa = PBXBuildFile; fileRef = 0B18087A2C19966D00081B2A /* ToDoDetailViewController.swift */; };
		0B18088C2C19966D00081B2A /* AccountInfoViewController.swift in Sources */ = {isa = PBXBuildFile; fileRef = 0B18087C2C19966D00081B2A /* AccountInfoViewController.swift */; };
		0B18088D2C19966D00081B2A /* EditMyPageViewController.swift in Sources */ = {isa = PBXBuildFile; fileRef = 0B18087D2C19966D00081B2A /* EditMyPageViewController.swift */; };
		0B18088E2C19966D00081B2A /* SetupViewController.swift in Sources */ = {isa = PBXBuildFile; fileRef = 0B18087E2C19966D00081B2A /* SetupViewController.swift */; };
		0B18088F2C19966D00081B2A /* MyPageViewController.swift in Sources */ = {isa = PBXBuildFile; fileRef = 0B1808802C19966D00081B2A /* MyPageViewController.swift */; };
		0B1808912C19966D00081B2A /* SignUpViewController.swift in Sources */ = {isa = PBXBuildFile; fileRef = 0B1808842C19966D00081B2A /* SignUpViewController.swift */; };
		0B1808922C19966D00081B2A /* FindPasswordViewController.swift in Sources */ = {isa = PBXBuildFile; fileRef = 0B1808852C19966D00081B2A /* FindPasswordViewController.swift */; };
		0B1808932C19966D00081B2A /* LoginViewController.swift in Sources */ = {isa = PBXBuildFile; fileRef = 0B1808862C19966D00081B2A /* LoginViewController.swift */; };
		0B4996D92C2AE21500EB2B27 /* SignupView.swift in Sources */ = {isa = PBXBuildFile; fileRef = 0B4996D72C2AE21500EB2B27 /* SignupView.swift */; };
		0B4996DA2C2AE21500EB2B27 /* LoginView.swift in Sources */ = {isa = PBXBuildFile; fileRef = 0B4996D82C2AE21500EB2B27 /* LoginView.swift */; };
		0B4996DF2C2AE2AA00EB2B27 /* UserModel.swift in Sources */ = {isa = PBXBuildFile; fileRef = 0B4996DE2C2AE2AA00EB2B27 /* UserModel.swift */; };
		0B4996EC2C2AE30A00EB2B27 /* AlertUIFactory.swift in Sources */ = {isa = PBXBuildFile; fileRef = 0B4996E12C2AE30A00EB2B27 /* AlertUIFactory.swift */; };
		0B4996ED2C2AE30A00EB2B27 /* TabButtonUIFactory.swift in Sources */ = {isa = PBXBuildFile; fileRef = 0B4996E22C2AE30A00EB2B27 /* TabButtonUIFactory.swift */; };
		0B4996EE2C2AE30A00EB2B27 /* TextFieldUIFactory.swift in Sources */ = {isa = PBXBuildFile; fileRef = 0B4996E32C2AE30A00EB2B27 /* TextFieldUIFactory.swift */; };
		0B4996EF2C2AE30A00EB2B27 /* PasswordFieldSetup.swift in Sources */ = {isa = PBXBuildFile; fileRef = 0B4996E42C2AE30A00EB2B27 /* PasswordFieldSetup.swift */; };
		0B4996F02C2AE30A00EB2B27 /* UIView+.swift in Sources */ = {isa = PBXBuildFile; fileRef = 0B4996E52C2AE30A00EB2B27 /* UIView+.swift */; };
		0B4996F12C2AE30A00EB2B27 /* AlertOnly.swift in Sources */ = {isa = PBXBuildFile; fileRef = 0B4996E62C2AE30A00EB2B27 /* AlertOnly.swift */; };
		0B4996F22C2AE30A00EB2B27 /* AlertOnboarding.swift in Sources */ = {isa = PBXBuildFile; fileRef = 0B4996E72C2AE30A00EB2B27 /* AlertOnboarding.swift */; };
		0B4996F32C2AE30A00EB2B27 /* KeyboardTap.swift in Sources */ = {isa = PBXBuildFile; fileRef = 0B4996E82C2AE30A00EB2B27 /* KeyboardTap.swift */; };
		0B4996F42C2AE30A00EB2B27 /* UIFactory+.swift in Sources */ = {isa = PBXBuildFile; fileRef = 0B4996E92C2AE30A00EB2B27 /* UIFactory+.swift */; };
		0B4996F52C2AE30A00EB2B27 /* EmailFieldSetup.swift in Sources */ = {isa = PBXBuildFile; fileRef = 0B4996EA2C2AE30A00EB2B27 /* EmailFieldSetup.swift */; };
		0B4996F62C2AE30A00EB2B27 /* AlertPaths.swift in Sources */ = {isa = PBXBuildFile; fileRef = 0B4996EB2C2AE30A00EB2B27 /* AlertPaths.swift */; };
		0B4A5B172C243E89000F8DDE /* MainViewController.swift in Sources */ = {isa = PBXBuildFile; fileRef = 0B1808822C19966D00081B2A /* MainViewController.swift */; };
		0B4A5B1A2C243EDC000F8DDE /* Then in Frameworks */ = {isa = PBXBuildFile; productRef = 0B4A5B192C243EDC000F8DDE /* Then */; };
		0B4A5B252C2478B3000F8DDE /* PrivacyPolicyViewController.swift in Sources */ = {isa = PBXBuildFile; fileRef = 0B4A5B242C2478B3000F8DDE /* PrivacyPolicyViewController.swift */; };
		0B4A5B282C248525000F8DDE /* MarkdownView in Frameworks */ = {isa = PBXBuildFile; productRef = 0B4A5B272C248525000F8DDE /* MarkdownView */; };
		0B555BD62C25DBE2000F62AF /* RimoWidgetExtension.appex in Embed Foundation Extensions */ = {isa = PBXBuildFile; fileRef = 119FEBB32C1C21E600BCC845 /* RimoWidgetExtension.appex */; settings = {ATTRIBUTES = (RemoveHeadersOnCopy, ); }; };
		119FEBB52C1C21E700BCC845 /* WidgetKit.framework in Frameworks */ = {isa = PBXBuildFile; fileRef = 119FEBB42C1C21E600BCC845 /* WidgetKit.framework */; };
		119FEBB72C1C21E700BCC845 /* SwiftUI.framework in Frameworks */ = {isa = PBXBuildFile; fileRef = 119FEBB62C1C21E700BCC845 /* SwiftUI.framework */; };
		119FEBBA2C1C21E700BCC845 /* RimoWidgetBundle.swift in Sources */ = {isa = PBXBuildFile; fileRef = 119FEBB92C1C21E700BCC845 /* RimoWidgetBundle.swift */; };
		119FEBBC2C1C21E700BCC845 /* RimoWidget.swift in Sources */ = {isa = PBXBuildFile; fileRef = 119FEBBB2C1C21E700BCC845 /* RimoWidget.swift */; };
		119FEBC72C1C227000BCC845 /* Pretendard-Regular.ttf in Resources */ = {isa = PBXBuildFile; fileRef = 0B18085F2C19965700081B2A /* Pretendard-Regular.ttf */; };
		119FEBC82C1C227300BCC845 /* Pretendard-SemiBold.ttf in Resources */ = {isa = PBXBuildFile; fileRef = 0B1808622C19965700081B2A /* Pretendard-SemiBold.ttf */; };
		119FEBC92C1C227500BCC845 /* Pretendard-Bold.ttf in Resources */ = {isa = PBXBuildFile; fileRef = 0B1808642C19965700081B2A /* Pretendard-Bold.ttf */; };
		119FEBD12C1C22C300BCC845 /* Assets.xcassets in Resources */ = {isa = PBXBuildFile; fileRef = 119FEBD02C1C22C300BCC845 /* Assets.xcassets */; };
		11BDE4622C24916D00BC0E8C /* PrivacyInfo.xcprivacy in Resources */ = {isa = PBXBuildFile; fileRef = 11BDE4612C24916D00BC0E8C /* PrivacyInfo.xcprivacy */; };
		11BDE4632C24916D00BC0E8C /* PrivacyInfo.xcprivacy in Resources */ = {isa = PBXBuildFile; fileRef = 11BDE4612C24916D00BC0E8C /* PrivacyInfo.xcprivacy */; };
		11CC27352C2EA2B7009B6B3F /* PageViewController.swift in Sources */ = {isa = PBXBuildFile; fileRef = 11CC27342C2EA2B7009B6B3F /* PageViewController.swift */; };
		11CC27372C2EA2F8009B6B3F /* OnboardingViewController.swift in Sources */ = {isa = PBXBuildFile; fileRef = 11CC27362C2EA2F8009B6B3F /* OnboardingViewController.swift */; };
		11F836032C1C5DEE00711581 /* PopupCalendarViewController.swift in Sources */ = {isa = PBXBuildFile; fileRef = 11F836012C1C5DEE00711581 /* PopupCalendarViewController.swift */; };
		11F836042C1C5DEE00711581 /* SelectMarimoViewController.swift in Sources */ = {isa = PBXBuildFile; fileRef = 11F836022C1C5DEE00711581 /* SelectMarimoViewController.swift */; };
		11F836142C1E7E6700711581 /* Color.swift in Sources */ = {isa = PBXBuildFile; fileRef = 11F836132C1E7E6700711581 /* Color.swift */; };
		11F836172C1E7E9500711581 /* UserDefaults+.swift in Sources */ = {isa = PBXBuildFile; fileRef = 11F836162C1E7E9500711581 /* UserDefaults+.swift */; };
		11F836182C1E7E9500711581 /* UserDefaults+.swift in Sources */ = {isa = PBXBuildFile; fileRef = 11F836162C1E7E9500711581 /* UserDefaults+.swift */; };
		1B2969162C1C2EF400685F5E /* MyAccountTableViewCell.swift in Sources */ = {isa = PBXBuildFile; fileRef = 1B2969122C1C2EF400685F5E /* MyAccountTableViewCell.swift */; };
		1B2969172C1C2EF400685F5E /* SettingTableViewCell.swift in Sources */ = {isa = PBXBuildFile; fileRef = 1B2969132C1C2EF400685F5E /* SettingTableViewCell.swift */; };
		1B2969182C1C2EF400685F5E /* MarimoCollectionButton.swift in Sources */ = {isa = PBXBuildFile; fileRef = 1B2969142C1C2EF400685F5E /* MarimoCollectionButton.swift */; };
		1B2969192C1C2EF400685F5E /* BlockedUITableViewCell.swift in Sources */ = {isa = PBXBuildFile; fileRef = 1B2969152C1C2EF400685F5E /* BlockedUITableViewCell.swift */; };
		4500E9C12C1C6B44005BB8DF /* (null) in Sources */ = {isa = PBXBuildFile; };
		4500E9C62C1C6BFA005BB8DF /* (null) in Sources */ = {isa = PBXBuildFile; };
		4500E9C72C1C6BFA005BB8DF /* (null) in Sources */ = {isa = PBXBuildFile; };
		4500E9CE2C1DD0A0005BB8DF /* ToDoPopupCalendarViewController.swift in Sources */ = {isa = PBXBuildFile; fileRef = 4500E9CD2C1DD0A0005BB8DF /* ToDoPopupCalendarViewController.swift */; };
		4574B3A42C22AF6800B3E161 /* ResetPasswordViewController.swift in Sources */ = {isa = PBXBuildFile; fileRef = 4574B3A32C22AF6800B3E161 /* ResetPasswordViewController.swift */; };
		4574B3B32C2556A300B3E161 /* AppInfoViewController.swift in Sources */ = {isa = PBXBuildFile; fileRef = 4574B3B22C2556A300B3E161 /* AppInfoViewController.swift */; };
		4574B3B52C2559E400B3E161 /* LicenseViewController.swift in Sources */ = {isa = PBXBuildFile; fileRef = 4574B3B42C2559E400B3E161 /* LicenseViewController.swift */; };
		4574B3B92C255AC600B3E161 /* InfoPrivacyPolicyViewController.swift in Sources */ = {isa = PBXBuildFile; fileRef = 4574B3B82C255AC600B3E161 /* InfoPrivacyPolicyViewController.swift */; };
		7863C0D82C1CC62000D91E8C /* TabBarViewController.swift in Sources */ = {isa = PBXBuildFile; fileRef = 0B1808942C19968400081B2A /* TabBarViewController.swift */; };
		7863C0D92C1CC62400D91E8C /* ToDoListViewController.swift in Sources */ = {isa = PBXBuildFile; fileRef = 0B1808772C19966D00081B2A /* ToDoListViewController.swift */; };
/* End PBXBuildFile section */

/* Begin PBXContainerItemProxy section */
		119FEBC02C1C21E800BCC845 /* PBXContainerItemProxy */ = {
			isa = PBXContainerItemProxy;
			containerPortal = 0B1808172C19936A00081B2A /* Project object */;
			proxyType = 1;
			remoteGlobalIDString = 119FEBB22C1C21E600BCC845;
			remoteInfo = RimoWidgetExtension;
		};
/* End PBXContainerItemProxy section */

/* Begin PBXCopyFilesBuildPhase section */
		119FEBC32C1C21E800BCC845 /* Embed Foundation Extensions */ = {
			isa = PBXCopyFilesBuildPhase;
			buildActionMask = 2147483647;
			dstPath = "";
			dstSubfolderSpec = 13;
			files = (
				0B555BD62C25DBE2000F62AF /* RimoWidgetExtension.appex in Embed Foundation Extensions */,
			);
			name = "Embed Foundation Extensions";
			runOnlyForDeploymentPostprocessing = 0;
		};
/* End PBXCopyFilesBuildPhase section */

/* Begin PBXFileReference section */
		0B02ABF32C2F3AB30047305D /* FirebaseAuthManager.swift */ = {isa = PBXFileReference; fileEncoding = 4; lastKnownFileType = sourcecode.swift; path = FirebaseAuthManager.swift; sourceTree = "<group>"; };
		0B02ABF42C2F3AB30047305D /* FirebaseMainManager.swift */ = {isa = PBXFileReference; fileEncoding = 4; lastKnownFileType = sourcecode.swift; path = FirebaseMainManager.swift; sourceTree = "<group>"; };
		0B02ABF82C2F3B100047305D /* SuccessView.swift */ = {isa = PBXFileReference; fileEncoding = 4; lastKnownFileType = sourcecode.swift; path = SuccessView.swift; sourceTree = "<group>"; };
		0B02ABF92C2F3B110047305D /* AnimationHelper.swift */ = {isa = PBXFileReference; fileEncoding = 4; lastKnownFileType = sourcecode.swift; path = AnimationHelper.swift; sourceTree = "<group>"; };
		0B02ABFA2C2F3B110047305D /* MarimoView.swift */ = {isa = PBXFileReference; fileEncoding = 4; lastKnownFileType = sourcecode.swift; path = MarimoView.swift; sourceTree = "<group>"; };
		0B02ABFB2C2F3B110047305D /* StopwatchView.swift */ = {isa = PBXFileReference; fileEncoding = 4; lastKnownFileType = sourcecode.swift; path = StopwatchView.swift; sourceTree = "<group>"; };
		0B02AC022C2F441A0047305D /* ActivityIndicatorHelper.swift */ = {isa = PBXFileReference; lastKnownFileType = sourcecode.swift; path = ActivityIndicatorHelper.swift; sourceTree = "<group>"; };
		0B02AC062C2F4B9B0047305D /* GoogleService-Info.plist */ = {isa = PBXFileReference; fileEncoding = 4; lastKnownFileType = text.plist.xml; name = "GoogleService-Info.plist"; path = "../../리모리모 최종 파이어베이스 키/GoogleService-Info.plist"; sourceTree = "<group>"; };
		0B1808222C19936B00081B2A /* AppDelegate.swift */ = {isa = PBXFileReference; lastKnownFileType = sourcecode.swift; path = AppDelegate.swift; sourceTree = "<group>"; };
		0B1808242C19936B00081B2A /* SceneDelegate.swift */ = {isa = PBXFileReference; lastKnownFileType = sourcecode.swift; path = SceneDelegate.swift; sourceTree = "<group>"; };
		0B1808262C19936B00081B2A /* ViewController.swift */ = {isa = PBXFileReference; lastKnownFileType = sourcecode.swift; path = ViewController.swift; sourceTree = "<group>"; };
		0B18082B2C19936D00081B2A /* Assets.xcassets */ = {isa = PBXFileReference; lastKnownFileType = folder.assetcatalog; path = Assets.xcassets; sourceTree = "<group>"; };
		0B18082E2C19936D00081B2A /* Base */ = {isa = PBXFileReference; lastKnownFileType = file.storyboard; name = Base; path = Base.lproj/LaunchScreen.storyboard; sourceTree = "<group>"; };
		0B1808302C19936D00081B2A /* Info.plist */ = {isa = PBXFileReference; lastKnownFileType = text.plist.xml; path = Info.plist; sourceTree = "<group>"; };
		0B18085D2C19965700081B2A /* Pretendard-Medium.ttf */ = {isa = PBXFileReference; lastKnownFileType = file; path = "Pretendard-Medium.ttf"; sourceTree = "<group>"; };
		0B18085E2C19965700081B2A /* Pretendard-Black.ttf */ = {isa = PBXFileReference; lastKnownFileType = file; path = "Pretendard-Black.ttf"; sourceTree = "<group>"; };
		0B18085F2C19965700081B2A /* Pretendard-Regular.ttf */ = {isa = PBXFileReference; lastKnownFileType = file; path = "Pretendard-Regular.ttf"; sourceTree = "<group>"; };
		0B1808602C19965700081B2A /* Pretendard-Thin.ttf */ = {isa = PBXFileReference; lastKnownFileType = file; path = "Pretendard-Thin.ttf"; sourceTree = "<group>"; };
		0B1808612C19965700081B2A /* Pretendard-ExtraLight.ttf */ = {isa = PBXFileReference; lastKnownFileType = file; path = "Pretendard-ExtraLight.ttf"; sourceTree = "<group>"; };
		0B1808622C19965700081B2A /* Pretendard-SemiBold.ttf */ = {isa = PBXFileReference; lastKnownFileType = file; path = "Pretendard-SemiBold.ttf"; sourceTree = "<group>"; };
		0B1808632C19965700081B2A /* Pretendard-ExtraBold.ttf */ = {isa = PBXFileReference; lastKnownFileType = file; path = "Pretendard-ExtraBold.ttf"; sourceTree = "<group>"; };
		0B1808642C19965700081B2A /* Pretendard-Bold.ttf */ = {isa = PBXFileReference; lastKnownFileType = file; path = "Pretendard-Bold.ttf"; sourceTree = "<group>"; };
		0B1808652C19965700081B2A /* UIFont.swift */ = {isa = PBXFileReference; fileEncoding = 4; lastKnownFileType = sourcecode.swift; path = UIFont.swift; sourceTree = "<group>"; };
		0B1808662C19965700081B2A /* Pretendard-Light.ttf */ = {isa = PBXFileReference; lastKnownFileType = file; path = "Pretendard-Light.ttf"; sourceTree = "<group>"; };
		0B1808682C19965700081B2A /* UIColor.swift */ = {isa = PBXFileReference; fileEncoding = 4; lastKnownFileType = sourcecode.swift; path = UIColor.swift; sourceTree = "<group>"; };
		0B1808762C19966D00081B2A /* DatePickerModalViewController.swift */ = {isa = PBXFileReference; fileEncoding = 4; lastKnownFileType = sourcecode.swift; path = DatePickerModalViewController.swift; sourceTree = "<group>"; };
		0B1808772C19966D00081B2A /* ToDoListViewController.swift */ = {isa = PBXFileReference; fileEncoding = 4; lastKnownFileType = sourcecode.swift; path = ToDoListViewController.swift; sourceTree = "<group>"; };
		0B1808782C19966D00081B2A /* CalenderDeatailViewController.swift */ = {isa = PBXFileReference; fileEncoding = 4; lastKnownFileType = sourcecode.swift; path = CalenderDeatailViewController.swift; sourceTree = "<group>"; };
		0B1808792C19966D00081B2A /* CalenderViewController.swift */ = {isa = PBXFileReference; fileEncoding = 4; lastKnownFileType = sourcecode.swift; path = CalenderViewController.swift; sourceTree = "<group>"; };
		0B18087A2C19966D00081B2A /* ToDoDetailViewController.swift */ = {isa = PBXFileReference; fileEncoding = 4; lastKnownFileType = sourcecode.swift; path = ToDoDetailViewController.swift; sourceTree = "<group>"; };
		0B18087C2C19966D00081B2A /* AccountInfoViewController.swift */ = {isa = PBXFileReference; fileEncoding = 4; lastKnownFileType = sourcecode.swift; path = AccountInfoViewController.swift; sourceTree = "<group>"; };
		0B18087D2C19966D00081B2A /* EditMyPageViewController.swift */ = {isa = PBXFileReference; fileEncoding = 4; lastKnownFileType = sourcecode.swift; path = EditMyPageViewController.swift; sourceTree = "<group>"; };
		0B18087E2C19966D00081B2A /* SetupViewController.swift */ = {isa = PBXFileReference; fileEncoding = 4; lastKnownFileType = sourcecode.swift; path = SetupViewController.swift; sourceTree = "<group>"; };
		0B1808802C19966D00081B2A /* MyPageViewController.swift */ = {isa = PBXFileReference; fileEncoding = 4; lastKnownFileType = sourcecode.swift; path = MyPageViewController.swift; sourceTree = "<group>"; };
		0B1808822C19966D00081B2A /* MainViewController.swift */ = {isa = PBXFileReference; fileEncoding = 4; lastKnownFileType = sourcecode.swift; path = MainViewController.swift; sourceTree = "<group>"; };
		0B1808842C19966D00081B2A /* SignUpViewController.swift */ = {isa = PBXFileReference; fileEncoding = 4; lastKnownFileType = sourcecode.swift; path = SignUpViewController.swift; sourceTree = "<group>"; };
		0B1808852C19966D00081B2A /* FindPasswordViewController.swift */ = {isa = PBXFileReference; fileEncoding = 4; lastKnownFileType = sourcecode.swift; path = FindPasswordViewController.swift; sourceTree = "<group>"; };
		0B1808862C19966D00081B2A /* LoginViewController.swift */ = {isa = PBXFileReference; fileEncoding = 4; lastKnownFileType = sourcecode.swift; path = LoginViewController.swift; sourceTree = "<group>"; };
		0B1808942C19968400081B2A /* TabBarViewController.swift */ = {isa = PBXFileReference; fileEncoding = 4; lastKnownFileType = sourcecode.swift; path = TabBarViewController.swift; sourceTree = "<group>"; };
		0B4996D72C2AE21500EB2B27 /* SignupView.swift */ = {isa = PBXFileReference; fileEncoding = 4; lastKnownFileType = sourcecode.swift; path = SignupView.swift; sourceTree = "<group>"; };
		0B4996D82C2AE21500EB2B27 /* LoginView.swift */ = {isa = PBXFileReference; fileEncoding = 4; lastKnownFileType = sourcecode.swift; path = LoginView.swift; sourceTree = "<group>"; };
		0B4996DE2C2AE2AA00EB2B27 /* UserModel.swift */ = {isa = PBXFileReference; lastKnownFileType = sourcecode.swift; path = UserModel.swift; sourceTree = "<group>"; };
		0B4996E12C2AE30A00EB2B27 /* AlertUIFactory.swift */ = {isa = PBXFileReference; fileEncoding = 4; lastKnownFileType = sourcecode.swift; path = AlertUIFactory.swift; sourceTree = "<group>"; };
		0B4996E22C2AE30A00EB2B27 /* TabButtonUIFactory.swift */ = {isa = PBXFileReference; fileEncoding = 4; lastKnownFileType = sourcecode.swift; path = TabButtonUIFactory.swift; sourceTree = "<group>"; };
		0B4996E32C2AE30A00EB2B27 /* TextFieldUIFactory.swift */ = {isa = PBXFileReference; fileEncoding = 4; lastKnownFileType = sourcecode.swift; path = TextFieldUIFactory.swift; sourceTree = "<group>"; };
		0B4996E42C2AE30A00EB2B27 /* PasswordFieldSetup.swift */ = {isa = PBXFileReference; fileEncoding = 4; lastKnownFileType = sourcecode.swift; path = PasswordFieldSetup.swift; sourceTree = "<group>"; };
		0B4996E52C2AE30A00EB2B27 /* UIView+.swift */ = {isa = PBXFileReference; fileEncoding = 4; lastKnownFileType = sourcecode.swift; path = "UIView+.swift"; sourceTree = "<group>"; };
		0B4996E62C2AE30A00EB2B27 /* AlertOnly.swift */ = {isa = PBXFileReference; fileEncoding = 4; lastKnownFileType = sourcecode.swift; path = AlertOnly.swift; sourceTree = "<group>"; };
		0B4996E72C2AE30A00EB2B27 /* AlertOnboarding.swift */ = {isa = PBXFileReference; fileEncoding = 4; lastKnownFileType = sourcecode.swift; path = AlertOnboarding.swift; sourceTree = "<group>"; };
		0B4996E82C2AE30A00EB2B27 /* KeyboardTap.swift */ = {isa = PBXFileReference; fileEncoding = 4; lastKnownFileType = sourcecode.swift; path = KeyboardTap.swift; sourceTree = "<group>"; };
		0B4996E92C2AE30A00EB2B27 /* UIFactory+.swift */ = {isa = PBXFileReference; fileEncoding = 4; lastKnownFileType = sourcecode.swift; path = "UIFactory+.swift"; sourceTree = "<group>"; };
		0B4996EA2C2AE30A00EB2B27 /* EmailFieldSetup.swift */ = {isa = PBXFileReference; fileEncoding = 4; lastKnownFileType = sourcecode.swift; path = EmailFieldSetup.swift; sourceTree = "<group>"; };
		0B4996EB2C2AE30A00EB2B27 /* AlertPaths.swift */ = {isa = PBXFileReference; fileEncoding = 4; lastKnownFileType = sourcecode.swift; path = AlertPaths.swift; sourceTree = "<group>"; };
		0B4A5B242C2478B3000F8DDE /* PrivacyPolicyViewController.swift */ = {isa = PBXFileReference; lastKnownFileType = sourcecode.swift; path = PrivacyPolicyViewController.swift; sourceTree = "<group>"; };
		119FEBB32C1C21E600BCC845 /* RimoWidgetExtension.appex */ = {isa = PBXFileReference; explicitFileType = "wrapper.app-extension"; includeInIndex = 0; path = RimoWidgetExtension.appex; sourceTree = BUILT_PRODUCTS_DIR; };
		119FEBB42C1C21E600BCC845 /* WidgetKit.framework */ = {isa = PBXFileReference; lastKnownFileType = wrapper.framework; name = WidgetKit.framework; path = System/Library/Frameworks/WidgetKit.framework; sourceTree = SDKROOT; };
		119FEBB62C1C21E700BCC845 /* SwiftUI.framework */ = {isa = PBXFileReference; lastKnownFileType = wrapper.framework; name = SwiftUI.framework; path = System/Library/Frameworks/SwiftUI.framework; sourceTree = SDKROOT; };
		119FEBB92C1C21E700BCC845 /* RimoWidgetBundle.swift */ = {isa = PBXFileReference; lastKnownFileType = sourcecode.swift; path = RimoWidgetBundle.swift; sourceTree = "<group>"; };
		119FEBBB2C1C21E700BCC845 /* RimoWidget.swift */ = {isa = PBXFileReference; lastKnownFileType = sourcecode.swift; path = RimoWidget.swift; sourceTree = "<group>"; };
		119FEBD02C1C22C300BCC845 /* Assets.xcassets */ = {isa = PBXFileReference; lastKnownFileType = folder.assetcatalog; path = Assets.xcassets; sourceTree = "<group>"; };
		119FEBD22C1C231000BCC845 /* Info.plist */ = {isa = PBXFileReference; fileEncoding = 4; lastKnownFileType = text.plist.xml; path = Info.plist; sourceTree = "<group>"; };
		119FEBD42C1C23F900BCC845 /* RimoWidgetExtension.entitlements */ = {isa = PBXFileReference; lastKnownFileType = text.plist.entitlements; path = RimoWidgetExtension.entitlements; sourceTree = "<group>"; };
		119FEBD52C1C240F00BCC845 /* RimoRimo.entitlements */ = {isa = PBXFileReference; lastKnownFileType = text.plist.entitlements; path = RimoRimo.entitlements; sourceTree = "<group>"; };
		11BDE4612C24916D00BC0E8C /* PrivacyInfo.xcprivacy */ = {isa = PBXFileReference; lastKnownFileType = text.xml; path = PrivacyInfo.xcprivacy; sourceTree = "<group>"; };
		11CC27342C2EA2B7009B6B3F /* PageViewController.swift */ = {isa = PBXFileReference; lastKnownFileType = sourcecode.swift; path = PageViewController.swift; sourceTree = "<group>"; };
		11CC27362C2EA2F8009B6B3F /* OnboardingViewController.swift */ = {isa = PBXFileReference; lastKnownFileType = sourcecode.swift; path = OnboardingViewController.swift; sourceTree = "<group>"; };
		11F836012C1C5DEE00711581 /* PopupCalendarViewController.swift */ = {isa = PBXFileReference; fileEncoding = 4; lastKnownFileType = sourcecode.swift; path = PopupCalendarViewController.swift; sourceTree = "<group>"; };
		11F836022C1C5DEE00711581 /* SelectMarimoViewController.swift */ = {isa = PBXFileReference; fileEncoding = 4; lastKnownFileType = sourcecode.swift; path = SelectMarimoViewController.swift; sourceTree = "<group>"; };
		11F836132C1E7E6700711581 /* Color.swift */ = {isa = PBXFileReference; lastKnownFileType = sourcecode.swift; path = Color.swift; sourceTree = "<group>"; };
		11F836162C1E7E9500711581 /* UserDefaults+.swift */ = {isa = PBXFileReference; lastKnownFileType = sourcecode.swift; path = "UserDefaults+.swift"; sourceTree = "<group>"; };
		1B2969122C1C2EF400685F5E /* MyAccountTableViewCell.swift */ = {isa = PBXFileReference; fileEncoding = 4; lastKnownFileType = sourcecode.swift; name = MyAccountTableViewCell.swift; path = RimoRimo/Views/MyAccountTableViewCell.swift; sourceTree = SOURCE_ROOT; };
		1B2969132C1C2EF400685F5E /* SettingTableViewCell.swift */ = {isa = PBXFileReference; fileEncoding = 4; lastKnownFileType = sourcecode.swift; name = SettingTableViewCell.swift; path = RimoRimo/Views/SettingTableViewCell.swift; sourceTree = SOURCE_ROOT; };
		1B2969142C1C2EF400685F5E /* MarimoCollectionButton.swift */ = {isa = PBXFileReference; fileEncoding = 4; lastKnownFileType = sourcecode.swift; name = MarimoCollectionButton.swift; path = RimoRimo/Views/MarimoCollectionButton.swift; sourceTree = SOURCE_ROOT; };
		1B2969152C1C2EF400685F5E /* BlockedUITableViewCell.swift */ = {isa = PBXFileReference; fileEncoding = 4; lastKnownFileType = sourcecode.swift; name = BlockedUITableViewCell.swift; path = RimoRimo/Views/BlockedUITableViewCell.swift; sourceTree = SOURCE_ROOT; };
		4500E9CD2C1DD0A0005BB8DF /* ToDoPopupCalendarViewController.swift */ = {isa = PBXFileReference; lastKnownFileType = sourcecode.swift; path = ToDoPopupCalendarViewController.swift; sourceTree = "<group>"; };
		45011B842C1A93AF00961E3F /* RimoRimo.app */ = {isa = PBXFileReference; explicitFileType = wrapper.application; includeInIndex = 0; path = RimoRimo.app; sourceTree = BUILT_PRODUCTS_DIR; };
		4574B3A32C22AF6800B3E161 /* ResetPasswordViewController.swift */ = {isa = PBXFileReference; lastKnownFileType = sourcecode.swift; path = ResetPasswordViewController.swift; sourceTree = "<group>"; };
		4574B3B22C2556A300B3E161 /* AppInfoViewController.swift */ = {isa = PBXFileReference; lastKnownFileType = sourcecode.swift; path = AppInfoViewController.swift; sourceTree = "<group>"; };
		4574B3B42C2559E400B3E161 /* LicenseViewController.swift */ = {isa = PBXFileReference; lastKnownFileType = sourcecode.swift; path = LicenseViewController.swift; sourceTree = "<group>"; };
		4574B3B82C255AC600B3E161 /* InfoPrivacyPolicyViewController.swift */ = {isa = PBXFileReference; lastKnownFileType = sourcecode.swift; path = InfoPrivacyPolicyViewController.swift; sourceTree = "<group>"; };
/* End PBXFileReference section */

/* Begin PBXFrameworksBuildPhase section */
		0B18081C2C19936B00081B2A /* Frameworks */ = {
			isa = PBXFrameworksBuildPhase;
			buildActionMask = 2147483647;
			files = (
				0B18084D2C19956B00081B2A /* FirebaseDatabase in Frameworks */,
				0B1808382C19951A00081B2A /* SnapKit in Frameworks */,
				0B18084B2C19956B00081B2A /* FirebaseAuth in Frameworks */,
				0B4A5B1A2C243EDC000F8DDE /* Then in Frameworks */,
				0B18083D2C19952100081B2A /* FSCalendar in Frameworks */,
				0B4A5B282C248525000F8DDE /* MarkdownView in Frameworks */,
				0B1808402C19954C00081B2A /* FirebaseAnalytics in Frameworks */,
				0B1808512C19956B00081B2A /* FirebaseStorage in Frameworks */,
				0B18084F2C19956B00081B2A /* FirebaseFirestore in Frameworks */,
			);
			runOnlyForDeploymentPostprocessing = 0;
		};
		119FEBB02C1C21E600BCC845 /* Frameworks */ = {
			isa = PBXFrameworksBuildPhase;
			buildActionMask = 2147483647;
			files = (
				119FEBB72C1C21E700BCC845 /* SwiftUI.framework in Frameworks */,
				119FEBB52C1C21E700BCC845 /* WidgetKit.framework in Frameworks */,
			);
			runOnlyForDeploymentPostprocessing = 0;
		};
/* End PBXFrameworksBuildPhase section */

/* Begin PBXGroup section */
		0B02ABF72C2F3B080047305D /* MainVews */ = {
			isa = PBXGroup;
			children = (
				0B02ABF92C2F3B110047305D /* AnimationHelper.swift */,
				0B02ABFA2C2F3B110047305D /* MarimoView.swift */,
				0B02ABFB2C2F3B110047305D /* StopwatchView.swift */,
				0B02ABF82C2F3B100047305D /* SuccessView.swift */,
			);
			path = MainVews;
			sourceTree = "<group>";
		};
		0B1808162C19936A00081B2A = {
			isa = PBXGroup;
			children = (
				119FEBD42C1C23F900BCC845 /* RimoWidgetExtension.entitlements */,
				0B1808212C19936B00081B2A /* RimoRimo */,
				119FEBB82C1C21E700BCC845 /* RimoWidget */,
				0B1808202C19936B00081B2A /* Products */,
				0B1808492C19956B00081B2A /* Frameworks */,
				45011B842C1A93AF00961E3F /* RimoRimo.app */,
			);
			sourceTree = "<group>";
		};
		0B1808202C19936B00081B2A /* Products */ = {
			isa = PBXGroup;
			children = (
				119FEBB32C1C21E600BCC845 /* RimoWidgetExtension.appex */,
			);
			name = Products;
			sourceTree = "<group>";
		};
		0B1808212C19936B00081B2A /* RimoRimo */ = {
			isa = PBXGroup;
			children = (
				0B4996DB2C2AE26C00EB2B27 /* Manager */,
				119FEBD52C1C240F00BCC845 /* RimoRimo.entitlements */,
				0B1808522C1995D300081B2A /* Resource */,
				11F836152C1E7E8000711581 /* Model */,
				11F836072C1C611E00711581 /* Views */,
				0B1808532C19960900081B2A /* Controllers */,
				0B1808222C19936B00081B2A /* AppDelegate.swift */,
				0B1808242C19936B00081B2A /* SceneDelegate.swift */,
				0B1808262C19936B00081B2A /* ViewController.swift */,
				0B18082D2C19936D00081B2A /* LaunchScreen.storyboard */,
				0B02AC062C2F4B9B0047305D /* GoogleService-Info.plist */,
				0B1808302C19936D00081B2A /* Info.plist */,
				11BDE4612C24916D00BC0E8C /* PrivacyInfo.xcprivacy */,
			);
			path = RimoRimo;
			sourceTree = "<group>";
		};
		0B1808492C19956B00081B2A /* Frameworks */ = {
			isa = PBXGroup;
			children = (
				119FEBB42C1C21E600BCC845 /* WidgetKit.framework */,
				119FEBB62C1C21E700BCC845 /* SwiftUI.framework */,
			);
			name = Frameworks;
			sourceTree = "<group>";
		};
		0B1808522C1995D300081B2A /* Resource */ = {
			isa = PBXGroup;
			children = (
				0B4996E02C2AE30A00EB2B27 /* UIFactory */,
				0B1808672C19965700081B2A /* Color */,
				0B18085C2C19965700081B2A /* Fonts */,
				0B18082B2C19936D00081B2A /* Assets.xcassets */,
			);
			path = Resource;
			sourceTree = "<group>";
		};
		0B1808532C19960900081B2A /* Controllers */ = {
			isa = PBXGroup;
			children = (
				0B1808942C19968400081B2A /* TabBarViewController.swift */,
				11CC27332C2D90A8009B6B3F /* Onboarding */,
				0B1808832C19966D00081B2A /* Auth */,
				0B1808752C19966D00081B2A /* Calender */,
				7844EF6C2C1B651C00F29A86 /* ToDo */,
				0B18087B2C19966D00081B2A /* Setup */,
				0B18087F2C19966D00081B2A /* MyPage */,
				0B1808812C19966D00081B2A /* Main */,
			);
			path = Controllers;
			sourceTree = "<group>";
		};
		0B18085C2C19965700081B2A /* Fonts */ = {
			isa = PBXGroup;
			children = (
				0B18085D2C19965700081B2A /* Pretendard-Medium.ttf */,
				0B18085E2C19965700081B2A /* Pretendard-Black.ttf */,
				0B18085F2C19965700081B2A /* Pretendard-Regular.ttf */,
				0B1808602C19965700081B2A /* Pretendard-Thin.ttf */,
				0B1808612C19965700081B2A /* Pretendard-ExtraLight.ttf */,
				0B1808622C19965700081B2A /* Pretendard-SemiBold.ttf */,
				0B1808632C19965700081B2A /* Pretendard-ExtraBold.ttf */,
				0B1808642C19965700081B2A /* Pretendard-Bold.ttf */,
				0B1808662C19965700081B2A /* Pretendard-Light.ttf */,
				0B1808652C19965700081B2A /* UIFont.swift */,
			);
			path = Fonts;
			sourceTree = "<group>";
		};
		0B1808672C19965700081B2A /* Color */ = {
			isa = PBXGroup;
			children = (
				0B1808682C19965700081B2A /* UIColor.swift */,
			);
			path = Color;
			sourceTree = "<group>";
		};
		0B1808752C19966D00081B2A /* Calender */ = {
			isa = PBXGroup;
			children = (
				0B1808792C19966D00081B2A /* CalenderViewController.swift */,
				0B1808782C19966D00081B2A /* CalenderDeatailViewController.swift */,
				0B1808762C19966D00081B2A /* DatePickerModalViewController.swift */,
			);
			path = Calender;
			sourceTree = "<group>";
		};
		0B18087B2C19966D00081B2A /* Setup */ = {
			isa = PBXGroup;
			children = (
				0B18087C2C19966D00081B2A /* AccountInfoViewController.swift */,
				4574B3A32C22AF6800B3E161 /* ResetPasswordViewController.swift */,
				0B18087D2C19966D00081B2A /* EditMyPageViewController.swift */,
				11F836012C1C5DEE00711581 /* PopupCalendarViewController.swift */,
				11F836022C1C5DEE00711581 /* SelectMarimoViewController.swift */,
				0B18087E2C19966D00081B2A /* SetupViewController.swift */,
				4574B3B22C2556A300B3E161 /* AppInfoViewController.swift */,
				4574B3B42C2559E400B3E161 /* LicenseViewController.swift */,
				4574B3B82C255AC600B3E161 /* InfoPrivacyPolicyViewController.swift */,
			);
			path = Setup;
			sourceTree = "<group>";
		};
		0B18087F2C19966D00081B2A /* MyPage */ = {
			isa = PBXGroup;
			children = (
				0B1808802C19966D00081B2A /* MyPageViewController.swift */,
			);
			path = MyPage;
			sourceTree = "<group>";
		};
		0B1808812C19966D00081B2A /* Main */ = {
			isa = PBXGroup;
			children = (
				0B1808822C19966D00081B2A /* MainViewController.swift */,
			);
			path = Main;
			sourceTree = "<group>";
		};
		0B1808832C19966D00081B2A /* Auth */ = {
			isa = PBXGroup;
			children = (
				0B1808862C19966D00081B2A /* LoginViewController.swift */,
				0B1808842C19966D00081B2A /* SignUpViewController.swift */,
				0B1808852C19966D00081B2A /* FindPasswordViewController.swift */,
				0B4A5B242C2478B3000F8DDE /* PrivacyPolicyViewController.swift */,
			);
			path = Auth;
			sourceTree = "<group>";
		};
		0B4996D62C2AE20300EB2B27 /* AuthViews */ = {
			isa = PBXGroup;
			children = (
				0B4996D82C2AE21500EB2B27 /* LoginView.swift */,
				0B4996D72C2AE21500EB2B27 /* SignupView.swift */,
			);
			path = AuthViews;
			sourceTree = "<group>";
		};
		0B4996DB2C2AE26C00EB2B27 /* Manager */ = {
			isa = PBXGroup;
			children = (
				0B02ABF32C2F3AB30047305D /* FirebaseAuthManager.swift */,
				0B02ABF42C2F3AB30047305D /* FirebaseMainManager.swift */,
			);
			path = Manager;
			sourceTree = "<group>";
		};
		0B4996E02C2AE30A00EB2B27 /* UIFactory */ = {
			isa = PBXGroup;
			children = (
				0B4996E12C2AE30A00EB2B27 /* AlertUIFactory.swift */,
				0B4996E22C2AE30A00EB2B27 /* TabButtonUIFactory.swift */,
				0B4996E32C2AE30A00EB2B27 /* TextFieldUIFactory.swift */,
				0B4996E42C2AE30A00EB2B27 /* PasswordFieldSetup.swift */,
				0B4996E52C2AE30A00EB2B27 /* UIView+.swift */,
				0B4996E62C2AE30A00EB2B27 /* AlertOnly.swift */,
				0B4996E72C2AE30A00EB2B27 /* AlertOnboarding.swift */,
				0B4996E82C2AE30A00EB2B27 /* KeyboardTap.swift */,
				0B4996E92C2AE30A00EB2B27 /* UIFactory+.swift */,
				0B4996EA2C2AE30A00EB2B27 /* EmailFieldSetup.swift */,
				0B4996EB2C2AE30A00EB2B27 /* AlertPaths.swift */,
				0B02AC022C2F441A0047305D /* ActivityIndicatorHelper.swift */,
			);
			path = UIFactory;
			sourceTree = "<group>";
		};
		119FEBB82C1C21E700BCC845 /* RimoWidget */ = {
			isa = PBXGroup;
			children = (
				119FEBB92C1C21E700BCC845 /* RimoWidgetBundle.swift */,
				119FEBBB2C1C21E700BCC845 /* RimoWidget.swift */,
				119FEBD22C1C231000BCC845 /* Info.plist */,
				119FEBD02C1C22C300BCC845 /* Assets.xcassets */,
				11F836132C1E7E6700711581 /* Color.swift */,
			);
			path = RimoWidget;
			sourceTree = "<group>";
		};
		11CC27332C2D90A8009B6B3F /* Onboarding */ = {
			isa = PBXGroup;
			children = (
				11CC27342C2EA2B7009B6B3F /* PageViewController.swift */,
				11CC27362C2EA2F8009B6B3F /* OnboardingViewController.swift */,
			);
			path = Onboarding;
			sourceTree = "<group>";
		};
		11F836072C1C611E00711581 /* Views */ = {
			isa = PBXGroup;
			children = (
				0B02ABF72C2F3B080047305D /* MainVews */,
				0B4996D62C2AE20300EB2B27 /* AuthViews */,
				1B2969152C1C2EF400685F5E /* BlockedUITableViewCell.swift */,
				1B2969142C1C2EF400685F5E /* MarimoCollectionButton.swift */,
				1B2969122C1C2EF400685F5E /* MyAccountTableViewCell.swift */,
				1B2969132C1C2EF400685F5E /* SettingTableViewCell.swift */,
			);
			path = Views;
			sourceTree = "<group>";
		};
		11F836152C1E7E8000711581 /* Model */ = {
			isa = PBXGroup;
			children = (
				11F836162C1E7E9500711581 /* UserDefaults+.swift */,
				0B4996DE2C2AE2AA00EB2B27 /* UserModel.swift */,
			);
			path = Model;
			sourceTree = "<group>";
		};
		7844EF6C2C1B651C00F29A86 /* ToDo */ = {
			isa = PBXGroup;
			children = (
				0B1808772C19966D00081B2A /* ToDoListViewController.swift */,
				0B18087A2C19966D00081B2A /* ToDoDetailViewController.swift */,
				4500E9CD2C1DD0A0005BB8DF /* ToDoPopupCalendarViewController.swift */,
			);
			path = ToDo;
			sourceTree = "<group>";
		};
/* End PBXGroup section */

/* Begin PBXNativeTarget section */
		0B18081E2C19936B00081B2A /* RimoRimo */ = {
			isa = PBXNativeTarget;
			buildConfigurationList = 0B1808332C19936D00081B2A /* Build configuration list for PBXNativeTarget "RimoRimo" */;
			buildPhases = (
				0B18081B2C19936B00081B2A /* Sources */,
				0B18081C2C19936B00081B2A /* Frameworks */,
				0B18081D2C19936B00081B2A /* Resources */,
				119FEBC32C1C21E800BCC845 /* Embed Foundation Extensions */,
			);
			buildRules = (
			);
			dependencies = (
				119FEBC12C1C21E800BCC845 /* PBXTargetDependency */,
			);
			name = RimoRimo;
			packageProductDependencies = (
				0B1808372C19951A00081B2A /* SnapKit */,
				0B18083C2C19952100081B2A /* FSCalendar */,
				0B18083F2C19954C00081B2A /* FirebaseAnalytics */,
				0B18084A2C19956B00081B2A /* FirebaseAuth */,
				0B18084C2C19956B00081B2A /* FirebaseDatabase */,
				0B18084E2C19956B00081B2A /* FirebaseFirestore */,
				0B1808502C19956B00081B2A /* FirebaseStorage */,
				0B4A5B192C243EDC000F8DDE /* Then */,
				0B4A5B272C248525000F8DDE /* MarkdownView */,
			);
			productName = RimoRimo;
			productReference = 45011B842C1A93AF00961E3F /* RimoRimo.app */;
			productType = "com.apple.product-type.application";
		};
		119FEBB22C1C21E600BCC845 /* RimoWidgetExtension */ = {
			isa = PBXNativeTarget;
			buildConfigurationList = 119FEBC62C1C21E800BCC845 /* Build configuration list for PBXNativeTarget "RimoWidgetExtension" */;
			buildPhases = (
				119FEBAF2C1C21E600BCC845 /* Sources */,
				119FEBB02C1C21E600BCC845 /* Frameworks */,
				119FEBB12C1C21E600BCC845 /* Resources */,
			);
			buildRules = (
			);
			dependencies = (
			);
			name = RimoWidgetExtension;
			productName = RimoWidgetExtension;
			productReference = 119FEBB32C1C21E600BCC845 /* RimoWidgetExtension.appex */;
			productType = "com.apple.product-type.app-extension";
		};
/* End PBXNativeTarget section */

/* Begin PBXProject section */
		0B1808172C19936A00081B2A /* Project object */ = {
			isa = PBXProject;
			attributes = {
				BuildIndependentTargetsInParallel = 1;
				LastSwiftUpdateCheck = 1540;
				LastUpgradeCheck = 1510;
				TargetAttributes = {
					0B18081E2C19936B00081B2A = {
						CreatedOnToolsVersion = 15.1;
					};
					119FEBB22C1C21E600BCC845 = {
						CreatedOnToolsVersion = 15.4;
					};
				};
			};
			buildConfigurationList = 0B18081A2C19936B00081B2A /* Build configuration list for PBXProject "RimoRimo" */;
			compatibilityVersion = "Xcode 14.0";
			developmentRegion = en;
			hasScannedForEncodings = 0;
			knownRegions = (
				en,
				Base,
			);
			mainGroup = 0B1808162C19936A00081B2A;
			packageReferences = (
				0B1808362C19951A00081B2A /* XCRemoteSwiftPackageReference "SnapKit" */,
				0B18083B2C19952100081B2A /* XCRemoteSwiftPackageReference "FSCalendar" */,
				0B18083E2C19954C00081B2A /* XCRemoteSwiftPackageReference "firebase-ios-sdk" */,
				0B4A5B122C243D74000F8DDE /* XCRemoteSwiftPackageReference "Then" */,
				0B4A5B262C248469000F8DDE /* XCRemoteSwiftPackageReference "MarkdownView" */,
			);
			productRefGroup = 0B1808162C19936A00081B2A;
			projectDirPath = "";
			projectRoot = "";
			targets = (
				0B18081E2C19936B00081B2A /* RimoRimo */,
				119FEBB22C1C21E600BCC845 /* RimoWidgetExtension */,
			);
		};
/* End PBXProject section */

/* Begin PBXResourcesBuildPhase section */
		0B18081D2C19936B00081B2A /* Resources */ = {
			isa = PBXResourcesBuildPhase;
			buildActionMask = 2147483647;
			files = (
				0B02AC072C2F4B9B0047305D /* GoogleService-Info.plist in Resources */,
				0B1808722C19965700081B2A /* Pretendard-Light.ttf in Resources */,
				0B18086F2C19965700081B2A /* Pretendard-ExtraBold.ttf in Resources */,
				0B18086E2C19965700081B2A /* Pretendard-SemiBold.ttf in Resources */,
				11BDE4622C24916D00BC0E8C /* PrivacyInfo.xcprivacy in Resources */,
				0B18086C2C19965700081B2A /* Pretendard-Thin.ttf in Resources */,
				0B18082F2C19936D00081B2A /* LaunchScreen.storyboard in Resources */,
				0B18082C2C19936D00081B2A /* Assets.xcassets in Resources */,
				0B18086B2C19965700081B2A /* Pretendard-Regular.ttf in Resources */,
				0B1808702C19965700081B2A /* Pretendard-Bold.ttf in Resources */,
				0B18086D2C19965700081B2A /* Pretendard-ExtraLight.ttf in Resources */,
				0B1808692C19965700081B2A /* Pretendard-Medium.ttf in Resources */,
				0B18086A2C19965700081B2A /* Pretendard-Black.ttf in Resources */,
			);
			runOnlyForDeploymentPostprocessing = 0;
		};
		119FEBB12C1C21E600BCC845 /* Resources */ = {
			isa = PBXResourcesBuildPhase;
			buildActionMask = 2147483647;
			files = (
				119FEBC82C1C227300BCC845 /* Pretendard-SemiBold.ttf in Resources */,
				119FEBC72C1C227000BCC845 /* Pretendard-Regular.ttf in Resources */,
				119FEBD12C1C22C300BCC845 /* Assets.xcassets in Resources */,
				11BDE4632C24916D00BC0E8C /* PrivacyInfo.xcprivacy in Resources */,
				119FEBC92C1C227500BCC845 /* Pretendard-Bold.ttf in Resources */,
			);
			runOnlyForDeploymentPostprocessing = 0;
		};
/* End PBXResourcesBuildPhase section */

/* Begin PBXSourcesBuildPhase section */
		0B18081B2C19936B00081B2A /* Sources */ = {
			isa = PBXSourcesBuildPhase;
			buildActionMask = 2147483647;
			files = (
				0B4A5B252C2478B3000F8DDE /* PrivacyPolicyViewController.swift in Sources */,
				11CC27352C2EA2B7009B6B3F /* PageViewController.swift in Sources */,
				0B1808932C19966D00081B2A /* LoginViewController.swift in Sources */,
				0B02ABF52C2F3AB30047305D /* FirebaseAuthManager.swift in Sources */,
				0B02ABFC2C2F3B110047305D /* SuccessView.swift in Sources */,
				0B18088A2C19966D00081B2A /* CalenderViewController.swift in Sources */,
				0B4996F32C2AE30A00EB2B27 /* KeyboardTap.swift in Sources */,
				1B2969162C1C2EF400685F5E /* MyAccountTableViewCell.swift in Sources */,
				7863C0D82C1CC62000D91E8C /* TabBarViewController.swift in Sources */,
				11F836172C1E7E9500711581 /* UserDefaults+.swift in Sources */,
				0B02AC032C2F441A0047305D /* ActivityIndicatorHelper.swift in Sources */,
				4574B3B52C2559E400B3E161 /* LicenseViewController.swift in Sources */,
				4500E9CE2C1DD0A0005BB8DF /* ToDoPopupCalendarViewController.swift in Sources */,
				0B1808272C19936B00081B2A /* ViewController.swift in Sources */,
				0B4996DF2C2AE2AA00EB2B27 /* UserModel.swift in Sources */,
				0B4996D92C2AE21500EB2B27 /* SignupView.swift in Sources */,
				0B4996F12C2AE30A00EB2B27 /* AlertOnly.swift in Sources */,
				0B4996ED2C2AE30A00EB2B27 /* TabButtonUIFactory.swift in Sources */,
				1B2969172C1C2EF400685F5E /* SettingTableViewCell.swift in Sources */,
				0B18088E2C19966D00081B2A /* SetupViewController.swift in Sources */,
				0B4996EF2C2AE30A00EB2B27 /* PasswordFieldSetup.swift in Sources */,
				0B4996EC2C2AE30A00EB2B27 /* AlertUIFactory.swift in Sources */,
				0B1808712C19965700081B2A /* UIFont.swift in Sources */,
				0B4996F62C2AE30A00EB2B27 /* AlertPaths.swift in Sources */,
				0B4A5B172C243E89000F8DDE /* MainViewController.swift in Sources */,
				0B18088D2C19966D00081B2A /* EditMyPageViewController.swift in Sources */,
				0B1808912C19966D00081B2A /* SignUpViewController.swift in Sources */,
				0B02ABF62C2F3AB30047305D /* FirebaseMainManager.swift in Sources */,
				0B4996F42C2AE30A00EB2B27 /* UIFactory+.swift in Sources */,
				0B02ABFF2C2F3B110047305D /* StopwatchView.swift in Sources */,
				0B4996F52C2AE30A00EB2B27 /* EmailFieldSetup.swift in Sources */,
				0B18088B2C19966D00081B2A /* ToDoDetailViewController.swift in Sources */,
				11F836032C1C5DEE00711581 /* PopupCalendarViewController.swift in Sources */,
				0B4996F22C2AE30A00EB2B27 /* AlertOnboarding.swift in Sources */,
				7863C0D92C1CC62400D91E8C /* ToDoListViewController.swift in Sources */,
				0B1808232C19936B00081B2A /* AppDelegate.swift in Sources */,
				0B1808732C19965700081B2A /* UIColor.swift in Sources */,
				4574B3A42C22AF6800B3E161 /* ResetPasswordViewController.swift in Sources */,
				0B18088F2C19966D00081B2A /* MyPageViewController.swift in Sources */,
				0B1808872C19966D00081B2A /* DatePickerModalViewController.swift in Sources */,
				0B18088C2C19966D00081B2A /* AccountInfoViewController.swift in Sources */,
				11CC27372C2EA2F8009B6B3F /* OnboardingViewController.swift in Sources */,
				0B4996F02C2AE30A00EB2B27 /* UIView+.swift in Sources */,
				0B02ABFD2C2F3B110047305D /* AnimationHelper.swift in Sources */,
				4500E9C62C1C6BFA005BB8DF /* (null) in Sources */,
				0B02ABFE2C2F3B110047305D /* MarimoView.swift in Sources */,
				0B1808922C19966D00081B2A /* FindPasswordViewController.swift in Sources */,
				1B2969192C1C2EF400685F5E /* BlockedUITableViewCell.swift in Sources */,
				4574B3B92C255AC600B3E161 /* InfoPrivacyPolicyViewController.swift in Sources */,
				4574B3B32C2556A300B3E161 /* AppInfoViewController.swift in Sources */,
				0B4996EE2C2AE30A00EB2B27 /* TextFieldUIFactory.swift in Sources */,
				0B4996DA2C2AE21500EB2B27 /* LoginView.swift in Sources */,
				0B1808892C19966D00081B2A /* CalenderDeatailViewController.swift in Sources */,
				0B1808252C19936B00081B2A /* SceneDelegate.swift in Sources */,
				11F836042C1C5DEE00711581 /* SelectMarimoViewController.swift in Sources */,
				1B2969182C1C2EF400685F5E /* MarimoCollectionButton.swift in Sources */,
			);
			runOnlyForDeploymentPostprocessing = 0;
		};
		119FEBAF2C1C21E600BCC845 /* Sources */ = {
			isa = PBXSourcesBuildPhase;
			buildActionMask = 2147483647;
			files = (
				4500E9C72C1C6BFA005BB8DF /* (null) in Sources */,
				4500E9C12C1C6B44005BB8DF /* (null) in Sources */,
				119FEBBC2C1C21E700BCC845 /* RimoWidget.swift in Sources */,
				11F836142C1E7E6700711581 /* Color.swift in Sources */,
				11F836182C1E7E9500711581 /* UserDefaults+.swift in Sources */,
				119FEBBA2C1C21E700BCC845 /* RimoWidgetBundle.swift in Sources */,
			);
			runOnlyForDeploymentPostprocessing = 0;
		};
/* End PBXSourcesBuildPhase section */

/* Begin PBXTargetDependency section */
		119FEBC12C1C21E800BCC845 /* PBXTargetDependency */ = {
			isa = PBXTargetDependency;
			target = 119FEBB22C1C21E600BCC845 /* RimoWidgetExtension */;
			targetProxy = 119FEBC02C1C21E800BCC845 /* PBXContainerItemProxy */;
		};
/* End PBXTargetDependency section */

/* Begin PBXVariantGroup section */
		0B18082D2C19936D00081B2A /* LaunchScreen.storyboard */ = {
			isa = PBXVariantGroup;
			children = (
				0B18082E2C19936D00081B2A /* Base */,
			);
			name = LaunchScreen.storyboard;
			sourceTree = "<group>";
		};
/* End PBXVariantGroup section */

/* Begin XCBuildConfiguration section */
		0B1808312C19936D00081B2A /* Debug */ = {
			isa = XCBuildConfiguration;
			buildSettings = {
				ALWAYS_SEARCH_USER_PATHS = NO;
				ASSETCATALOG_COMPILER_GENERATE_SWIFT_ASSET_SYMBOL_EXTENSIONS = YES;
				CLANG_ANALYZER_NONNULL = YES;
				CLANG_ANALYZER_NUMBER_OBJECT_CONVERSION = YES_AGGRESSIVE;
				CLANG_CXX_LANGUAGE_STANDARD = "gnu++20";
				CLANG_ENABLE_MODULES = YES;
				CLANG_ENABLE_OBJC_ARC = YES;
				CLANG_ENABLE_OBJC_WEAK = YES;
				CLANG_WARN_BLOCK_CAPTURE_AUTORELEASING = YES;
				CLANG_WARN_BOOL_CONVERSION = YES;
				CLANG_WARN_COMMA = YES;
				CLANG_WARN_CONSTANT_CONVERSION = YES;
				CLANG_WARN_DEPRECATED_OBJC_IMPLEMENTATIONS = YES;
				CLANG_WARN_DIRECT_OBJC_ISA_USAGE = YES_ERROR;
				CLANG_WARN_DOCUMENTATION_COMMENTS = YES;
				CLANG_WARN_EMPTY_BODY = YES;
				CLANG_WARN_ENUM_CONVERSION = YES;
				CLANG_WARN_INFINITE_RECURSION = YES;
				CLANG_WARN_INT_CONVERSION = YES;
				CLANG_WARN_NON_LITERAL_NULL_CONVERSION = YES;
				CLANG_WARN_OBJC_IMPLICIT_RETAIN_SELF = YES;
				CLANG_WARN_OBJC_LITERAL_CONVERSION = YES;
				CLANG_WARN_OBJC_ROOT_CLASS = YES_ERROR;
				CLANG_WARN_QUOTED_INCLUDE_IN_FRAMEWORK_HEADER = YES;
				CLANG_WARN_RANGE_LOOP_ANALYSIS = YES;
				CLANG_WARN_STRICT_PROTOTYPES = YES;
				CLANG_WARN_SUSPICIOUS_MOVE = YES;
				CLANG_WARN_UNGUARDED_AVAILABILITY = YES_AGGRESSIVE;
				CLANG_WARN_UNREACHABLE_CODE = YES;
				CLANG_WARN__DUPLICATE_METHOD_MATCH = YES;
				COPY_PHASE_STRIP = NO;
				DEBUG_INFORMATION_FORMAT = dwarf;
				ENABLE_STRICT_OBJC_MSGSEND = YES;
				ENABLE_TESTABILITY = YES;
				ENABLE_USER_SCRIPT_SANDBOXING = YES;
				GCC_C_LANGUAGE_STANDARD = gnu17;
				GCC_DYNAMIC_NO_PIC = NO;
				GCC_NO_COMMON_BLOCKS = YES;
				GCC_OPTIMIZATION_LEVEL = 0;
				GCC_PREPROCESSOR_DEFINITIONS = (
					"DEBUG=1",
					"$(inherited)",
				);
				GCC_WARN_64_TO_32_BIT_CONVERSION = YES;
				GCC_WARN_ABOUT_RETURN_TYPE = YES_ERROR;
				GCC_WARN_UNDECLARED_SELECTOR = YES;
				GCC_WARN_UNINITIALIZED_AUTOS = YES_AGGRESSIVE;
				GCC_WARN_UNUSED_FUNCTION = YES;
				GCC_WARN_UNUSED_VARIABLE = YES;
				IPHONEOS_DEPLOYMENT_TARGET = 17.2;
				LOCALIZATION_PREFERS_STRING_CATALOGS = YES;
				MTL_ENABLE_DEBUG_INFO = INCLUDE_SOURCE;
				MTL_FAST_MATH = YES;
				ONLY_ACTIVE_ARCH = YES;
				SDKROOT = iphoneos;
				SWIFT_ACTIVE_COMPILATION_CONDITIONS = "DEBUG $(inherited)";
				SWIFT_OPTIMIZATION_LEVEL = "-Onone";
			};
			name = Debug;
		};
		0B1808322C19936D00081B2A /* Release */ = {
			isa = XCBuildConfiguration;
			buildSettings = {
				ALWAYS_SEARCH_USER_PATHS = NO;
				ASSETCATALOG_COMPILER_GENERATE_SWIFT_ASSET_SYMBOL_EXTENSIONS = YES;
				CLANG_ANALYZER_NONNULL = YES;
				CLANG_ANALYZER_NUMBER_OBJECT_CONVERSION = YES_AGGRESSIVE;
				CLANG_CXX_LANGUAGE_STANDARD = "gnu++20";
				CLANG_ENABLE_MODULES = YES;
				CLANG_ENABLE_OBJC_ARC = YES;
				CLANG_ENABLE_OBJC_WEAK = YES;
				CLANG_WARN_BLOCK_CAPTURE_AUTORELEASING = YES;
				CLANG_WARN_BOOL_CONVERSION = YES;
				CLANG_WARN_COMMA = YES;
				CLANG_WARN_CONSTANT_CONVERSION = YES;
				CLANG_WARN_DEPRECATED_OBJC_IMPLEMENTATIONS = YES;
				CLANG_WARN_DIRECT_OBJC_ISA_USAGE = YES_ERROR;
				CLANG_WARN_DOCUMENTATION_COMMENTS = YES;
				CLANG_WARN_EMPTY_BODY = YES;
				CLANG_WARN_ENUM_CONVERSION = YES;
				CLANG_WARN_INFINITE_RECURSION = YES;
				CLANG_WARN_INT_CONVERSION = YES;
				CLANG_WARN_NON_LITERAL_NULL_CONVERSION = YES;
				CLANG_WARN_OBJC_IMPLICIT_RETAIN_SELF = YES;
				CLANG_WARN_OBJC_LITERAL_CONVERSION = YES;
				CLANG_WARN_OBJC_ROOT_CLASS = YES_ERROR;
				CLANG_WARN_QUOTED_INCLUDE_IN_FRAMEWORK_HEADER = YES;
				CLANG_WARN_RANGE_LOOP_ANALYSIS = YES;
				CLANG_WARN_STRICT_PROTOTYPES = YES;
				CLANG_WARN_SUSPICIOUS_MOVE = YES;
				CLANG_WARN_UNGUARDED_AVAILABILITY = YES_AGGRESSIVE;
				CLANG_WARN_UNREACHABLE_CODE = YES;
				CLANG_WARN__DUPLICATE_METHOD_MATCH = YES;
				COPY_PHASE_STRIP = NO;
				DEBUG_INFORMATION_FORMAT = "dwarf-with-dsym";
				ENABLE_NS_ASSERTIONS = NO;
				ENABLE_STRICT_OBJC_MSGSEND = YES;
				ENABLE_USER_SCRIPT_SANDBOXING = YES;
				GCC_C_LANGUAGE_STANDARD = gnu17;
				GCC_NO_COMMON_BLOCKS = YES;
				GCC_WARN_64_TO_32_BIT_CONVERSION = YES;
				GCC_WARN_ABOUT_RETURN_TYPE = YES_ERROR;
				GCC_WARN_UNDECLARED_SELECTOR = YES;
				GCC_WARN_UNINITIALIZED_AUTOS = YES_AGGRESSIVE;
				GCC_WARN_UNUSED_FUNCTION = YES;
				GCC_WARN_UNUSED_VARIABLE = YES;
				IPHONEOS_DEPLOYMENT_TARGET = 17.2;
				LOCALIZATION_PREFERS_STRING_CATALOGS = YES;
				MTL_ENABLE_DEBUG_INFO = NO;
				MTL_FAST_MATH = YES;
				SDKROOT = iphoneos;
				SWIFT_COMPILATION_MODE = wholemodule;
				VALIDATE_PRODUCT = YES;
			};
			name = Release;
		};
		0B1808342C19936D00081B2A /* Debug */ = {
			isa = XCBuildConfiguration;
			buildSettings = {
				ALWAYS_EMBED_SWIFT_STANDARD_LIBRARIES = YES;
				ASSETCATALOG_COMPILER_APPICON_NAME = AppIcon;
				ASSETCATALOG_COMPILER_GLOBAL_ACCENT_COLOR_NAME = AccentColor;
				CODE_SIGN_ENTITLEMENTS = RimoRimo/RimoRimo.entitlements;
				CODE_SIGN_IDENTITY = "Apple Development";
				"CODE_SIGN_IDENTITY[sdk=iphoneos*]" = "iPhone Developer";
				CODE_SIGN_STYLE = Manual;
				CURRENT_PROJECT_VERSION = 1;
				DEVELOPMENT_TEAM = "";
				"DEVELOPMENT_TEAM[sdk=iphoneos*]" = KWVJ99C465;
				GENERATE_INFOPLIST_FILE = YES;
				INFOPLIST_FILE = RimoRimo/Info.plist;
				INFOPLIST_KEY_CFBundleDisplayName = "리모리모";
				INFOPLIST_KEY_UIApplicationSupportsIndirectInputEvents = YES;
				INFOPLIST_KEY_UILaunchStoryboardName = LaunchScreen;
				INFOPLIST_KEY_UISupportedInterfaceOrientations = UIInterfaceOrientationPortrait;
				INFOPLIST_KEY_UISupportedInterfaceOrientations_iPad = "UIInterfaceOrientationLandscapeLeft UIInterfaceOrientationLandscapeRight UIInterfaceOrientationPortrait UIInterfaceOrientationPortraitUpsideDown";
				IPHONEOS_DEPLOYMENT_TARGET = 15.0;
				LD_RUNPATH_SEARCH_PATHS = (
					"$(inherited)",
					"@executable_path/Frameworks",
				);
				MARKETING_VERSION = 2.0;
				PRODUCT_BUNDLE_IDENTIFIER = com.teamremo.RimoRimo;
				PRODUCT_NAME = "$(TARGET_NAME)";
				PROVISIONING_PROFILE_SPECIFIER = "";
				"PROVISIONING_PROFILE_SPECIFIER[sdk=iphoneos*]" = "RimoRimo Debug";
				SUPPORTED_PLATFORMS = "iphoneos iphonesimulator";
				SUPPORTS_MACCATALYST = NO;
				SUPPORTS_MAC_DESIGNED_FOR_IPHONE_IPAD = NO;
				SWIFT_EMIT_LOC_STRINGS = YES;
				SWIFT_VERSION = 5.0;
				TARGETED_DEVICE_FAMILY = 1;
			};
			name = Debug;
		};
		0B1808352C19936D00081B2A /* Release */ = {
			isa = XCBuildConfiguration;
			buildSettings = {
				ALWAYS_EMBED_SWIFT_STANDARD_LIBRARIES = YES;
				ASSETCATALOG_COMPILER_APPICON_NAME = AppIcon;
				ASSETCATALOG_COMPILER_GLOBAL_ACCENT_COLOR_NAME = AccentColor;
				CODE_SIGN_ENTITLEMENTS = RimoRimo/RimoRimo.entitlements;
				CODE_SIGN_IDENTITY = "Apple Development";
				"CODE_SIGN_IDENTITY[sdk=iphoneos*]" = "iPhone Developer";
				CODE_SIGN_STYLE = Manual;
				CURRENT_PROJECT_VERSION = 1;
				DEVELOPMENT_TEAM = "";
				"DEVELOPMENT_TEAM[sdk=iphoneos*]" = KWVJ99C465;
				GENERATE_INFOPLIST_FILE = YES;
				INFOPLIST_FILE = RimoRimo/Info.plist;
				INFOPLIST_KEY_CFBundleDisplayName = "리모리모";
				INFOPLIST_KEY_UIApplicationSupportsIndirectInputEvents = YES;
				INFOPLIST_KEY_UILaunchStoryboardName = LaunchScreen;
				INFOPLIST_KEY_UISupportedInterfaceOrientations = UIInterfaceOrientationPortrait;
				INFOPLIST_KEY_UISupportedInterfaceOrientations_iPad = "UIInterfaceOrientationLandscapeLeft UIInterfaceOrientationLandscapeRight UIInterfaceOrientationPortrait UIInterfaceOrientationPortraitUpsideDown";
				IPHONEOS_DEPLOYMENT_TARGET = 15.0;
				LD_RUNPATH_SEARCH_PATHS = (
					"$(inherited)",
					"@executable_path/Frameworks",
				);
				MARKETING_VERSION = 2.0;
				PRODUCT_BUNDLE_IDENTIFIER = com.teamremo.RimoRimo;
				PRODUCT_NAME = "$(TARGET_NAME)";
				PROVISIONING_PROFILE_SPECIFIER = "";
				"PROVISIONING_PROFILE_SPECIFIER[sdk=iphoneos*]" = "RimoRimo Debug";
				SUPPORTED_PLATFORMS = "iphoneos iphonesimulator";
				SUPPORTS_MACCATALYST = NO;
				SUPPORTS_MAC_DESIGNED_FOR_IPHONE_IPAD = NO;
				SWIFT_EMIT_LOC_STRINGS = YES;
				SWIFT_VERSION = 5.0;
				TARGETED_DEVICE_FAMILY = 1;
			};
			name = Release;
		};
		119FEBC42C1C21E800BCC845 /* Debug */ = {
			isa = XCBuildConfiguration;
			buildSettings = {
				ASSETCATALOG_COMPILER_GLOBAL_ACCENT_COLOR_NAME = AccentColor;
				ASSETCATALOG_COMPILER_WIDGET_BACKGROUND_COLOR_NAME = WidgetBackground;
				CODE_SIGN_ENTITLEMENTS = RimoWidgetExtension.entitlements;
				CODE_SIGN_IDENTITY = "Apple Development";
				"CODE_SIGN_IDENTITY[sdk=iphoneos*]" = "iPhone Developer";
				CODE_SIGN_STYLE = Manual;
				CURRENT_PROJECT_VERSION = 1;
				DEVELOPMENT_TEAM = "";
				"DEVELOPMENT_TEAM[sdk=iphoneos*]" = KWVJ99C465;
				GENERATE_INFOPLIST_FILE = YES;
				INFOPLIST_FILE = RimoWidget/Info.plist;
				INFOPLIST_KEY_CFBundleDisplayName = RimoWidget;
				INFOPLIST_KEY_NSHumanReadableCopyright = "";
				IPHONEOS_DEPLOYMENT_TARGET = 15.0;
				LD_RUNPATH_SEARCH_PATHS = (
					"$(inherited)",
					"@executable_path/Frameworks",
					"@executable_path/../../Frameworks",
				);
				MARKETING_VERSION = 1.0;
				PRODUCT_BUNDLE_IDENTIFIER = com.teamremo.RimoRimo.RimoWidget;
				PRODUCT_NAME = "$(TARGET_NAME)";
				PROVISIONING_PROFILE_SPECIFIER = "";
				"PROVISIONING_PROFILE_SPECIFIER[sdk=iphoneos*]" = "Widget RimoRimo";
				SKIP_INSTALL = YES;
				SWIFT_EMIT_LOC_STRINGS = YES;
				SWIFT_VERSION = 5.0;
				TARGETED_DEVICE_FAMILY = "1,2";
			};
			name = Debug;
		};
		119FEBC52C1C21E800BCC845 /* Release */ = {
			isa = XCBuildConfiguration;
			buildSettings = {
				ASSETCATALOG_COMPILER_GLOBAL_ACCENT_COLOR_NAME = AccentColor;
				ASSETCATALOG_COMPILER_WIDGET_BACKGROUND_COLOR_NAME = WidgetBackground;
				CODE_SIGN_ENTITLEMENTS = RimoWidgetExtension.entitlements;
				CODE_SIGN_IDENTITY = "Apple Development";
				"CODE_SIGN_IDENTITY[sdk=iphoneos*]" = "iPhone Developer";
				CODE_SIGN_STYLE = Manual;
				CURRENT_PROJECT_VERSION = 1;
				DEVELOPMENT_TEAM = "";
				"DEVELOPMENT_TEAM[sdk=iphoneos*]" = KWVJ99C465;
				GENERATE_INFOPLIST_FILE = YES;
				INFOPLIST_FILE = RimoWidget/Info.plist;
				INFOPLIST_KEY_CFBundleDisplayName = RimoWidget;
				INFOPLIST_KEY_NSHumanReadableCopyright = "";
				IPHONEOS_DEPLOYMENT_TARGET = 15.0;
				LD_RUNPATH_SEARCH_PATHS = (
					"$(inherited)",
					"@executable_path/Frameworks",
					"@executable_path/../../Frameworks",
				);
				MARKETING_VERSION = 1.0;
				PRODUCT_BUNDLE_IDENTIFIER = com.teamremo.RimoRimo.RimoWidget;
				PRODUCT_NAME = "$(TARGET_NAME)";
				PROVISIONING_PROFILE_SPECIFIER = "";
				"PROVISIONING_PROFILE_SPECIFIER[sdk=iphoneos*]" = "Widget RimoRimo";
				SKIP_INSTALL = YES;
				SWIFT_EMIT_LOC_STRINGS = YES;
				SWIFT_VERSION = 5.0;
				TARGETED_DEVICE_FAMILY = "1,2";
			};
			name = Release;
		};
/* End XCBuildConfiguration section */

/* Begin XCConfigurationList section */
		0B18081A2C19936B00081B2A /* Build configuration list for PBXProject "RimoRimo" */ = {
			isa = XCConfigurationList;
			buildConfigurations = (
				0B1808312C19936D00081B2A /* Debug */,
				0B1808322C19936D00081B2A /* Release */,
			);
			defaultConfigurationIsVisible = 0;
			defaultConfigurationName = Release;
		};
		0B1808332C19936D00081B2A /* Build configuration list for PBXNativeTarget "RimoRimo" */ = {
			isa = XCConfigurationList;
			buildConfigurations = (
				0B1808342C19936D00081B2A /* Debug */,
				0B1808352C19936D00081B2A /* Release */,
			);
			defaultConfigurationIsVisible = 0;
			defaultConfigurationName = Release;
		};
		119FEBC62C1C21E800BCC845 /* Build configuration list for PBXNativeTarget "RimoWidgetExtension" */ = {
			isa = XCConfigurationList;
			buildConfigurations = (
				119FEBC42C1C21E800BCC845 /* Debug */,
				119FEBC52C1C21E800BCC845 /* Release */,
			);
			defaultConfigurationIsVisible = 0;
			defaultConfigurationName = Release;
		};
/* End XCConfigurationList section */

/* Begin XCRemoteSwiftPackageReference section */
		0B1808362C19951A00081B2A /* XCRemoteSwiftPackageReference "SnapKit" */ = {
			isa = XCRemoteSwiftPackageReference;
			repositoryURL = "https://github.com/SnapKit/SnapKit.git";
			requirement = {
				kind = upToNextMajorVersion;
				minimumVersion = 5.7.1;
			};
		};
		0B18083B2C19952100081B2A /* XCRemoteSwiftPackageReference "FSCalendar" */ = {
			isa = XCRemoteSwiftPackageReference;
			repositoryURL = "https://github.com/WenchaoD/FSCalendar";
			requirement = {
				kind = upToNextMajorVersion;
				minimumVersion = 2.8.4;
			};
		};
		0B18083E2C19954C00081B2A /* XCRemoteSwiftPackageReference "firebase-ios-sdk" */ = {
			isa = XCRemoteSwiftPackageReference;
			repositoryURL = "https://github.com/firebase/firebase-ios-sdk.git";
			requirement = {
				kind = upToNextMajorVersion;
				minimumVersion = 10.27.0;
			};
		};
		0B4A5B122C243D74000F8DDE /* XCRemoteSwiftPackageReference "Then" */ = {
			isa = XCRemoteSwiftPackageReference;
			repositoryURL = "https://github.com/devxoul/Then";
			requirement = {
				kind = upToNextMajorVersion;
				minimumVersion = 3.0.0;
			};
		};
		0B4A5B262C248469000F8DDE /* XCRemoteSwiftPackageReference "MarkdownView" */ = {
			isa = XCRemoteSwiftPackageReference;
			repositoryURL = "https://github.com/keitaoouchi/MarkdownView";
			requirement = {
				kind = upToNextMajorVersion;
				minimumVersion = 1.9.1;
			};
		};
/* End XCRemoteSwiftPackageReference section */

/* Begin XCSwiftPackageProductDependency section */
		0B1808372C19951A00081B2A /* SnapKit */ = {
			isa = XCSwiftPackageProductDependency;
			package = 0B1808362C19951A00081B2A /* XCRemoteSwiftPackageReference "SnapKit" */;
			productName = SnapKit;
		};
		0B18083C2C19952100081B2A /* FSCalendar */ = {
			isa = XCSwiftPackageProductDependency;
			package = 0B18083B2C19952100081B2A /* XCRemoteSwiftPackageReference "FSCalendar" */;
			productName = FSCalendar;
		};
		0B18083F2C19954C00081B2A /* FirebaseAnalytics */ = {
			isa = XCSwiftPackageProductDependency;
			package = 0B18083E2C19954C00081B2A /* XCRemoteSwiftPackageReference "firebase-ios-sdk" */;
			productName = FirebaseAnalytics;
		};
		0B18084A2C19956B00081B2A /* FirebaseAuth */ = {
			isa = XCSwiftPackageProductDependency;
			package = 0B18083E2C19954C00081B2A /* XCRemoteSwiftPackageReference "firebase-ios-sdk" */;
			productName = FirebaseAuth;
		};
		0B18084C2C19956B00081B2A /* FirebaseDatabase */ = {
			isa = XCSwiftPackageProductDependency;
			package = 0B18083E2C19954C00081B2A /* XCRemoteSwiftPackageReference "firebase-ios-sdk" */;
			productName = FirebaseDatabase;
		};
		0B18084E2C19956B00081B2A /* FirebaseFirestore */ = {
			isa = XCSwiftPackageProductDependency;
			package = 0B18083E2C19954C00081B2A /* XCRemoteSwiftPackageReference "firebase-ios-sdk" */;
			productName = FirebaseFirestore;
		};
		0B1808502C19956B00081B2A /* FirebaseStorage */ = {
			isa = XCSwiftPackageProductDependency;
			package = 0B18083E2C19954C00081B2A /* XCRemoteSwiftPackageReference "firebase-ios-sdk" */;
			productName = FirebaseStorage;
		};
		0B4A5B192C243EDC000F8DDE /* Then */ = {
			isa = XCSwiftPackageProductDependency;
			package = 0B4A5B122C243D74000F8DDE /* XCRemoteSwiftPackageReference "Then" */;
			productName = Then;
		};
		0B4A5B272C248525000F8DDE /* MarkdownView */ = {
			isa = XCSwiftPackageProductDependency;
			package = 0B4A5B262C248469000F8DDE /* XCRemoteSwiftPackageReference "MarkdownView" */;
			productName = MarkdownView;
		};
/* End XCSwiftPackageProductDependency section */
	};
	rootObject = 0B1808172C19936A00081B2A /* Project object */;
}
